// !$*UTF8*$!
{
	archiveVersion = 1;
	classes = {
	};
	objectVersion = 56;
	objects = {

/* Begin PBXBuildFile section */
		FA6C6098295681C60063D86F /* SectionHeaderView.swift in Sources */ = {isa = PBXBuildFile; fileRef = FA6C6097295681C60063D86F /* SectionHeaderView.swift */; };
		FA6C609A29568DD10063D86F /* MovieCellView.swift in Sources */ = {isa = PBXBuildFile; fileRef = FA6C609929568DD10063D86F /* MovieCellView.swift */; };
		FA6C609F295696920063D86F /* MovieViewModel.swift in Sources */ = {isa = PBXBuildFile; fileRef = FA6C609E295696920063D86F /* MovieViewModel.swift */; };
		FA6C60A22956998E0063D86F /* MovieInfoScreen.swift in Sources */ = {isa = PBXBuildFile; fileRef = FA6C60A12956998E0063D86F /* MovieInfoScreen.swift */; };
		FA6C60A52957588C0063D86F /* PosterDetailView.swift in Sources */ = {isa = PBXBuildFile; fileRef = FA6C60A42957588C0063D86F /* PosterDetailView.swift */; };
		FA71EAC229555C5E00ED66AD /* NontonKuyApp.swift in Sources */ = {isa = PBXBuildFile; fileRef = FA71EAC129555C5E00ED66AD /* NontonKuyApp.swift */; };
		FA71EAC429555C5E00ED66AD /* MainScreen.swift in Sources */ = {isa = PBXBuildFile; fileRef = FA71EAC329555C5E00ED66AD /* MainScreen.swift */; };
		FA71EAC629555C5F00ED66AD /* Assets.xcassets in Resources */ = {isa = PBXBuildFile; fileRef = FA71EAC529555C5F00ED66AD /* Assets.xcassets */; };
		FA71EACA29555C5F00ED66AD /* Preview Assets.xcassets in Resources */ = {isa = PBXBuildFile; fileRef = FA71EAC929555C5F00ED66AD /* Preview Assets.xcassets */; };
		FA71EAD32955F45400ED66AD /* Color.swift in Sources */ = {isa = PBXBuildFile; fileRef = FA71EAD22955F45400ED66AD /* Color.swift */; };
		FA71EAD7295601A000ED66AD /* Movie.swift in Sources */ = {isa = PBXBuildFile; fileRef = FA71EAD6295601A000ED66AD /* Movie.swift */; };
		FA71EADB295608AD00ED66AD /* Image.swift in Sources */ = {isa = PBXBuildFile; fileRef = FA71EADA295608AD00ED66AD /* Image.swift */; };
		FAF430962958582B00992B0A /* Config.swift in Sources */ = {isa = PBXBuildFile; fileRef = FAF430952958582B00992B0A /* Config.swift */; };
		FAF430982958635A00992B0A /* Video.swift in Sources */ = {isa = PBXBuildFile; fileRef = FAF430972958635A00992B0A /* Video.swift */; };
		FAF4309A2958644900992B0A /* VideoViewModel.swift in Sources */ = {isa = PBXBuildFile; fileRef = FAF430992958644900992B0A /* VideoViewModel.swift */; };
		FAF4309F295870DA00992B0A /* SafariView.swift in Sources */ = {isa = PBXBuildFile; fileRef = FAF4309E295870DA00992B0A /* SafariView.swift */; };
		FAF430A1295879F100992B0A /* Review.swift in Sources */ = {isa = PBXBuildFile; fileRef = FAF430A0295879F100992B0A /* Review.swift */; };
		FAF430A329587B0200992B0A /* ReviewViewModel.swift in Sources */ = {isa = PBXBuildFile; fileRef = FAF430A229587B0200992B0A /* ReviewViewModel.swift */; };
/* End PBXBuildFile section */

/* Begin PBXFileReference section */
		FA6C6097295681C60063D86F /* SectionHeaderView.swift */ = {isa = PBXFileReference; lastKnownFileType = sourcecode.swift; path = SectionHeaderView.swift; sourceTree = "<group>"; };
		FA6C609929568DD10063D86F /* MovieCellView.swift */ = {isa = PBXFileReference; lastKnownFileType = sourcecode.swift; path = MovieCellView.swift; sourceTree = "<group>"; };
		FA6C609E295696920063D86F /* MovieViewModel.swift */ = {isa = PBXFileReference; lastKnownFileType = sourcecode.swift; path = MovieViewModel.swift; sourceTree = "<group>"; };
		FA6C60A12956998E0063D86F /* MovieInfoScreen.swift */ = {isa = PBXFileReference; lastKnownFileType = sourcecode.swift; path = MovieInfoScreen.swift; sourceTree = "<group>"; };
		FA6C60A42957588C0063D86F /* PosterDetailView.swift */ = {isa = PBXFileReference; lastKnownFileType = sourcecode.swift; path = PosterDetailView.swift; sourceTree = "<group>"; };
		FA71EABE29555C5E00ED66AD /* NontonKuy.app */ = {isa = PBXFileReference; explicitFileType = wrapper.application; includeInIndex = 0; path = NontonKuy.app; sourceTree = BUILT_PRODUCTS_DIR; };
		FA71EAC129555C5E00ED66AD /* NontonKuyApp.swift */ = {isa = PBXFileReference; lastKnownFileType = sourcecode.swift; path = NontonKuyApp.swift; sourceTree = "<group>"; };
		FA71EAC329555C5E00ED66AD /* MainScreen.swift */ = {isa = PBXFileReference; lastKnownFileType = sourcecode.swift; path = MainScreen.swift; sourceTree = "<group>"; };
		FA71EAC529555C5F00ED66AD /* Assets.xcassets */ = {isa = PBXFileReference; lastKnownFileType = folder.assetcatalog; path = Assets.xcassets; sourceTree = "<group>"; };
		FA71EAC729555C5F00ED66AD /* NontonKuy.entitlements */ = {isa = PBXFileReference; lastKnownFileType = text.plist.entitlements; path = NontonKuy.entitlements; sourceTree = "<group>"; };
		FA71EAC929555C5F00ED66AD /* Preview Assets.xcassets */ = {isa = PBXFileReference; lastKnownFileType = folder.assetcatalog; path = "Preview Assets.xcassets"; sourceTree = "<group>"; };
		FA71EAD22955F45400ED66AD /* Color.swift */ = {isa = PBXFileReference; lastKnownFileType = sourcecode.swift; path = Color.swift; sourceTree = "<group>"; };
		FA71EAD6295601A000ED66AD /* Movie.swift */ = {isa = PBXFileReference; lastKnownFileType = sourcecode.swift; path = Movie.swift; sourceTree = "<group>"; };
		FA71EADA295608AD00ED66AD /* Image.swift */ = {isa = PBXFileReference; lastKnownFileType = sourcecode.swift; path = Image.swift; sourceTree = "<group>"; };
		FAF430952958582B00992B0A /* Config.swift */ = {isa = PBXFileReference; lastKnownFileType = sourcecode.swift; path = Config.swift; sourceTree = "<group>"; };
		FAF430972958635A00992B0A /* Video.swift */ = {isa = PBXFileReference; lastKnownFileType = sourcecode.swift; path = Video.swift; sourceTree = "<group>"; };
		FAF430992958644900992B0A /* VideoViewModel.swift */ = {isa = PBXFileReference; lastKnownFileType = sourcecode.swift; path = VideoViewModel.swift; sourceTree = "<group>"; };
		FAF4309E295870DA00992B0A /* SafariView.swift */ = {isa = PBXFileReference; lastKnownFileType = sourcecode.swift; path = SafariView.swift; sourceTree = "<group>"; };
		FAF430A0295879F100992B0A /* Review.swift */ = {isa = PBXFileReference; lastKnownFileType = sourcecode.swift; path = Review.swift; sourceTree = "<group>"; };
		FAF430A229587B0200992B0A /* ReviewViewModel.swift */ = {isa = PBXFileReference; lastKnownFileType = sourcecode.swift; path = ReviewViewModel.swift; sourceTree = "<group>"; };
/* End PBXFileReference section */

/* Begin PBXFrameworksBuildPhase section */
		FA71EABB29555C5E00ED66AD /* Frameworks */ = {
			isa = PBXFrameworksBuildPhase;
			buildActionMask = 2147483647;
			files = (
			);
			runOnlyForDeploymentPostprocessing = 0;
		};
/* End PBXFrameworksBuildPhase section */

/* Begin PBXGroup section */
		FA6C609229567A580063D86F /* Main */ = {
			isa = PBXGroup;
			children = (
				FA71EAC329555C5E00ED66AD /* MainScreen.swift */,
			);
			path = Main;
			sourceTree = "<group>";
		};
		FA6C6096295681AF0063D86F /* Components */ = {
			isa = PBXGroup;
			children = (
				FA6C6097295681C60063D86F /* SectionHeaderView.swift */,
				FA6C609929568DD10063D86F /* MovieCellView.swift */,
				FAF4309E295870DA00992B0A /* SafariView.swift */,
			);
			path = Components;
			sourceTree = "<group>";
		};
		FA6C609D295696810063D86F /* ViewModels */ = {
			isa = PBXGroup;
			children = (
				FA6C609E295696920063D86F /* MovieViewModel.swift */,
				FAF430992958644900992B0A /* VideoViewModel.swift */,
				FAF430A229587B0200992B0A /* ReviewViewModel.swift */,
			);
			path = ViewModels;
			sourceTree = "<group>";
		};
		FA6C60A02956996C0063D86F /* MovieInfo */ = {
			isa = PBXGroup;
			children = (
				FA6C60A32957585B0063D86F /* Components */,
				FA6C60A12956998E0063D86F /* MovieInfoScreen.swift */,
			);
			path = MovieInfo;
			sourceTree = "<group>";
		};
		FA6C60A32957585B0063D86F /* Components */ = {
			isa = PBXGroup;
			children = (
				FA6C60A42957588C0063D86F /* PosterDetailView.swift */,
			);
			path = Components;
			sourceTree = "<group>";
		};
		FA71EAB529555C5E00ED66AD = {
			isa = PBXGroup;
			children = (
				FA71EAC029555C5E00ED66AD /* NontonKuy */,
				FA71EABF29555C5E00ED66AD /* Products */,
			);
			sourceTree = "<group>";
		};
		FA71EABF29555C5E00ED66AD /* Products */ = {
			isa = PBXGroup;
			children = (
				FA71EABE29555C5E00ED66AD /* NontonKuy.app */,
			);
			name = Products;
			sourceTree = "<group>";
		};
		FA71EAC029555C5E00ED66AD /* NontonKuy */ = {
			isa = PBXGroup;
			children = (
				FA71EAC129555C5E00ED66AD /* NontonKuyApp.swift */,
				FAF430952958582B00992B0A /* Config.swift */,
				FA71EAD12955F44400ED66AD /* Extensions */,
				FA71EAD52956017F00ED66AD /* Models */,
				FA6C609D295696810063D86F /* ViewModels */,
				FA71EAD02955F20C00ED66AD /* Views */,
				FA71EAC529555C5F00ED66AD /* Assets.xcassets */,
				FA71EAC729555C5F00ED66AD /* NontonKuy.entitlements */,
				FA71EAC829555C5F00ED66AD /* Preview Content */,
			);
			path = NontonKuy;
			sourceTree = "<group>";
		};
		FA71EAC829555C5F00ED66AD /* Preview Content */ = {
			isa = PBXGroup;
			children = (
				FA71EAC929555C5F00ED66AD /* Preview Assets.xcassets */,
			);
			path = "Preview Content";
			sourceTree = "<group>";
		};
		FA71EAD02955F20C00ED66AD /* Views */ = {
			isa = PBXGroup;
			children = (
				FA6C6096295681AF0063D86F /* Components */,
				FA71EAD42955F62F00ED66AD /* Screens */,
			);
			path = Views;
			sourceTree = "<group>";
		};
		FA71EAD12955F44400ED66AD /* Extensions */ = {
			isa = PBXGroup;
			children = (
				FA71EAD22955F45400ED66AD /* Color.swift */,
				FA71EADA295608AD00ED66AD /* Image.swift */,
			);
			path = Extensions;
			sourceTree = "<group>";
		};
		FA71EAD42955F62F00ED66AD /* Screens */ = {
			isa = PBXGroup;
			children = (
				FA6C609229567A580063D86F /* Main */,
				FA6C60A02956996C0063D86F /* MovieInfo */,
			);
			path = Screens;
			sourceTree = "<group>";
		};
		FA71EAD52956017F00ED66AD /* Models */ = {
			isa = PBXGroup;
			children = (
				FA71EAD6295601A000ED66AD /* Movie.swift */,
				FAF430972958635A00992B0A /* Video.swift */,
				FAF430A0295879F100992B0A /* Review.swift */,
			);
			path = Models;
			sourceTree = "<group>";
		};
/* End PBXGroup section */

/* Begin PBXNativeTarget section */
		FA71EABD29555C5E00ED66AD /* NontonKuy */ = {
			isa = PBXNativeTarget;
			buildConfigurationList = FA71EACD29555C5F00ED66AD /* Build configuration list for PBXNativeTarget "NontonKuy" */;
			buildPhases = (
				FA71EABA29555C5E00ED66AD /* Sources */,
				FA71EABB29555C5E00ED66AD /* Frameworks */,
				FA71EABC29555C5E00ED66AD /* Resources */,
			);
			buildRules = (
			);
			dependencies = (
			);
			name = NontonKuy;
			productName = NontonKuy;
			productReference = FA71EABE29555C5E00ED66AD /* NontonKuy.app */;
			productType = "com.apple.product-type.application";
		};
/* End PBXNativeTarget section */

/* Begin PBXProject section */
		FA71EAB629555C5E00ED66AD /* Project object */ = {
			isa = PBXProject;
			attributes = {
				BuildIndependentTargetsInParallel = 1;
				LastSwiftUpdateCheck = 1420;
				LastUpgradeCheck = 1420;
				TargetAttributes = {
					FA71EABD29555C5E00ED66AD = {
						CreatedOnToolsVersion = 14.2;
					};
				};
			};
			buildConfigurationList = FA71EAB929555C5E00ED66AD /* Build configuration list for PBXProject "NontonKuy" */;
			compatibilityVersion = "Xcode 14.0";
			developmentRegion = en;
			hasScannedForEncodings = 0;
			knownRegions = (
				en,
				Base,
			);
			mainGroup = FA71EAB529555C5E00ED66AD;
			productRefGroup = FA71EABF29555C5E00ED66AD /* Products */;
			projectDirPath = "";
			projectRoot = "";
			targets = (
				FA71EABD29555C5E00ED66AD /* NontonKuy */,
			);
		};
/* End PBXProject section */

/* Begin PBXResourcesBuildPhase section */
		FA71EABC29555C5E00ED66AD /* Resources */ = {
			isa = PBXResourcesBuildPhase;
			buildActionMask = 2147483647;
			files = (
				FA71EACA29555C5F00ED66AD /* Preview Assets.xcassets in Resources */,
				FA71EAC629555C5F00ED66AD /* Assets.xcassets in Resources */,
			);
			runOnlyForDeploymentPostprocessing = 0;
		};
/* End PBXResourcesBuildPhase section */

/* Begin PBXSourcesBuildPhase section */
		FA71EABA29555C5E00ED66AD /* Sources */ = {
			isa = PBXSourcesBuildPhase;
			buildActionMask = 2147483647;
			files = (
				FA6C60A52957588C0063D86F /* PosterDetailView.swift in Sources */,
				FAF430962958582B00992B0A /* Config.swift in Sources */,
				FA71EAC429555C5E00ED66AD /* MainScreen.swift in Sources */,
				FAF4309A2958644900992B0A /* VideoViewModel.swift in Sources */,
				FA71EADB295608AD00ED66AD /* Image.swift in Sources */,
				FAF430A1295879F100992B0A /* Review.swift in Sources */,
				FA6C6098295681C60063D86F /* SectionHeaderView.swift in Sources */,
				FA71EAC229555C5E00ED66AD /* NontonKuyApp.swift in Sources */,
				FA71EAD7295601A000ED66AD /* Movie.swift in Sources */,
				FAF4309F295870DA00992B0A /* SafariView.swift in Sources */,
				FA6C609A29568DD10063D86F /* MovieCellView.swift in Sources */,
				FA6C60A22956998E0063D86F /* MovieInfoScreen.swift in Sources */,
				FA6C609F295696920063D86F /* MovieViewModel.swift in Sources */,
				FAF430982958635A00992B0A /* Video.swift in Sources */,
				FAF430A329587B0200992B0A /* ReviewViewModel.swift in Sources */,
				FA71EAD32955F45400ED66AD /* Color.swift in Sources */,
			);
			runOnlyForDeploymentPostprocessing = 0;
		};
/* End PBXSourcesBuildPhase section */

/* Begin XCBuildConfiguration section */
		FA71EACB29555C5F00ED66AD /* Debug */ = {
			isa = XCBuildConfiguration;
			buildSettings = {
				ALWAYS_SEARCH_USER_PATHS = NO;
				CLANG_ANALYZER_NONNULL = YES;
				CLANG_ANALYZER_NUMBER_OBJECT_CONVERSION = YES_AGGRESSIVE;
				CLANG_CXX_LANGUAGE_STANDARD = "gnu++20";
				CLANG_ENABLE_MODULES = YES;
				CLANG_ENABLE_OBJC_ARC = YES;
				CLANG_ENABLE_OBJC_WEAK = YES;
				CLANG_WARN_BLOCK_CAPTURE_AUTORELEASING = YES;
				CLANG_WARN_BOOL_CONVERSION = YES;
				CLANG_WARN_COMMA = YES;
				CLANG_WARN_CONSTANT_CONVERSION = YES;
				CLANG_WARN_DEPRECATED_OBJC_IMPLEMENTATIONS = YES;
				CLANG_WARN_DIRECT_OBJC_ISA_USAGE = YES_ERROR;
				CLANG_WARN_DOCUMENTATION_COMMENTS = YES;
				CLANG_WARN_EMPTY_BODY = YES;
				CLANG_WARN_ENUM_CONVERSION = YES;
				CLANG_WARN_INFINITE_RECURSION = YES;
				CLANG_WARN_INT_CONVERSION = YES;
				CLANG_WARN_NON_LITERAL_NULL_CONVERSION = YES;
				CLANG_WARN_OBJC_IMPLICIT_RETAIN_SELF = YES;
				CLANG_WARN_OBJC_LITERAL_CONVERSION = YES;
				CLANG_WARN_OBJC_ROOT_CLASS = YES_ERROR;
				CLANG_WARN_QUOTED_INCLUDE_IN_FRAMEWORK_HEADER = YES;
				CLANG_WARN_RANGE_LOOP_ANALYSIS = YES;
				CLANG_WARN_STRICT_PROTOTYPES = YES;
				CLANG_WARN_SUSPICIOUS_MOVE = YES;
				CLANG_WARN_UNGUARDED_AVAILABILITY = YES_AGGRESSIVE;
				CLANG_WARN_UNREACHABLE_CODE = YES;
				CLANG_WARN__DUPLICATE_METHOD_MATCH = YES;
				COPY_PHASE_STRIP = NO;
				DEBUG_INFORMATION_FORMAT = dwarf;
				ENABLE_STRICT_OBJC_MSGSEND = YES;
				ENABLE_TESTABILITY = YES;
				GCC_C_LANGUAGE_STANDARD = gnu11;
				GCC_DYNAMIC_NO_PIC = NO;
				GCC_NO_COMMON_BLOCKS = YES;
				GCC_OPTIMIZATION_LEVEL = 0;
				GCC_PREPROCESSOR_DEFINITIONS = (
					"DEBUG=1",
					"$(inherited)",
				);
				GCC_WARN_64_TO_32_BIT_CONVERSION = YES;
				GCC_WARN_ABOUT_RETURN_TYPE = YES_ERROR;
				GCC_WARN_UNDECLARED_SELECTOR = YES;
				GCC_WARN_UNINITIALIZED_AUTOS = YES_AGGRESSIVE;
				GCC_WARN_UNUSED_FUNCTION = YES;
				GCC_WARN_UNUSED_VARIABLE = YES;
				MTL_ENABLE_DEBUG_INFO = INCLUDE_SOURCE;
				MTL_FAST_MATH = YES;
				ONLY_ACTIVE_ARCH = YES;
				SWIFT_ACTIVE_COMPILATION_CONDITIONS = DEBUG;
				SWIFT_OPTIMIZATION_LEVEL = "-Onone";
			};
			name = Debug;
		};
		FA71EACC29555C5F00ED66AD /* Release */ = {
			isa = XCBuildConfiguration;
			buildSettings = {
				ALWAYS_SEARCH_USER_PATHS = NO;
				CLANG_ANALYZER_NONNULL = YES;
				CLANG_ANALYZER_NUMBER_OBJECT_CONVERSION = YES_AGGRESSIVE;
				CLANG_CXX_LANGUAGE_STANDARD = "gnu++20";
				CLANG_ENABLE_MODULES = YES;
				CLANG_ENABLE_OBJC_ARC = YES;
				CLANG_ENABLE_OBJC_WEAK = YES;
				CLANG_WARN_BLOCK_CAPTURE_AUTORELEASING = YES;
				CLANG_WARN_BOOL_CONVERSION = YES;
				CLANG_WARN_COMMA = YES;
				CLANG_WARN_CONSTANT_CONVERSION = YES;
				CLANG_WARN_DEPRECATED_OBJC_IMPLEMENTATIONS = YES;
				CLANG_WARN_DIRECT_OBJC_ISA_USAGE = YES_ERROR;
				CLANG_WARN_DOCUMENTATION_COMMENTS = YES;
				CLANG_WARN_EMPTY_BODY = YES;
				CLANG_WARN_ENUM_CONVERSION = YES;
				CLANG_WARN_INFINITE_RECURSION = YES;
				CLANG_WARN_INT_CONVERSION = YES;
				CLANG_WARN_NON_LITERAL_NULL_CONVERSION = YES;
				CLANG_WARN_OBJC_IMPLICIT_RETAIN_SELF = YES;
				CLANG_WARN_OBJC_LITERAL_CONVERSION = YES;
				CLANG_WARN_OBJC_ROOT_CLASS = YES_ERROR;
				CLANG_WARN_QUOTED_INCLUDE_IN_FRAMEWORK_HEADER = YES;
				CLANG_WARN_RANGE_LOOP_ANALYSIS = YES;
				CLANG_WARN_STRICT_PROTOTYPES = YES;
				CLANG_WARN_SUSPICIOUS_MOVE = YES;
				CLANG_WARN_UNGUARDED_AVAILABILITY = YES_AGGRESSIVE;
				CLANG_WARN_UNREACHABLE_CODE = YES;
				CLANG_WARN__DUPLICATE_METHOD_MATCH = YES;
				COPY_PHASE_STRIP = NO;
				DEBUG_INFORMATION_FORMAT = "dwarf-with-dsym";
				ENABLE_NS_ASSERTIONS = NO;
				ENABLE_STRICT_OBJC_MSGSEND = YES;
				GCC_C_LANGUAGE_STANDARD = gnu11;
				GCC_NO_COMMON_BLOCKS = YES;
				GCC_WARN_64_TO_32_BIT_CONVERSION = YES;
				GCC_WARN_ABOUT_RETURN_TYPE = YES_ERROR;
				GCC_WARN_UNDECLARED_SELECTOR = YES;
				GCC_WARN_UNINITIALIZED_AUTOS = YES_AGGRESSIVE;
				GCC_WARN_UNUSED_FUNCTION = YES;
				GCC_WARN_UNUSED_VARIABLE = YES;
				MTL_ENABLE_DEBUG_INFO = NO;
				MTL_FAST_MATH = YES;
				SWIFT_COMPILATION_MODE = wholemodule;
				SWIFT_OPTIMIZATION_LEVEL = "-O";
			};
			name = Release;
		};
		FA71EACE29555C5F00ED66AD /* Debug */ = {
			isa = XCBuildConfiguration;
			buildSettings = {
				ASSETCATALOG_COMPILER_APPICON_NAME = AppIcon;
				ASSETCATALOG_COMPILER_GLOBAL_ACCENT_COLOR_NAME = AccentColor;
				CODE_SIGN_ENTITLEMENTS = NontonKuy/NontonKuy.entitlements;
				CODE_SIGN_STYLE = Automatic;
				CURRENT_PROJECT_VERSION = 1;
				DEVELOPMENT_ASSET_PATHS = "\"NontonKuy/Preview Content\"";
				DEVELOPMENT_TEAM = 6PDVJXGB2J;
				ENABLE_HARDENED_RUNTIME = YES;
				ENABLE_PREVIEWS = YES;
				GENERATE_INFOPLIST_FILE = YES;
				"INFOPLIST_KEY_UIApplicationSceneManifest_Generation[sdk=iphoneos*]" = YES;
				"INFOPLIST_KEY_UIApplicationSceneManifest_Generation[sdk=iphonesimulator*]" = YES;
				"INFOPLIST_KEY_UIApplicationSupportsIndirectInputEvents[sdk=iphoneos*]" = YES;
				"INFOPLIST_KEY_UIApplicationSupportsIndirectInputEvents[sdk=iphonesimulator*]" = YES;
				"INFOPLIST_KEY_UILaunchScreen_Generation[sdk=iphoneos*]" = YES;
				"INFOPLIST_KEY_UILaunchScreen_Generation[sdk=iphonesimulator*]" = YES;
				"INFOPLIST_KEY_UIStatusBarStyle[sdk=iphoneos*]" = UIStatusBarStyleDefault;
				"INFOPLIST_KEY_UIStatusBarStyle[sdk=iphonesimulator*]" = UIStatusBarStyleDefault;
				INFOPLIST_KEY_UISupportedInterfaceOrientations_iPad = "UIInterfaceOrientationPortrait UIInterfaceOrientationPortraitUpsideDown UIInterfaceOrientationLandscapeLeft UIInterfaceOrientationLandscapeRight";
				INFOPLIST_KEY_UISupportedInterfaceOrientations_iPhone = "UIInterfaceOrientationPortrait UIInterfaceOrientationLandscapeLeft UIInterfaceOrientationLandscapeRight";
				IPHONEOS_DEPLOYMENT_TARGET = 16.2;
				LD_RUNPATH_SEARCH_PATHS = "@executable_path/Frameworks";
				"LD_RUNPATH_SEARCH_PATHS[sdk=macosx*]" = "@executable_path/../Frameworks";
				MACOSX_DEPLOYMENT_TARGET = 13.0;
				MARKETING_VERSION = 1.0;
				PRODUCT_BUNDLE_IDENTIFIER = com.darmawiryanata.NontonKuy;
				PRODUCT_NAME = "$(TARGET_NAME)";
				SDKROOT = auto;
				SUPPORTED_PLATFORMS = "iphoneos iphonesimulator macosx";
				SWIFT_EMIT_LOC_STRINGS = YES;
				SWIFT_VERSION = 5.0;
				TARGETED_DEVICE_FAMILY = "1,2";
			};
			name = Debug;
		};
		FA71EACF29555C5F00ED66AD /* Release */ = {
			isa = XCBuildConfiguration;
			buildSettings = {
				ASSETCATALOG_COMPILER_APPICON_NAME = AppIcon;
				ASSETCATALOG_COMPILER_GLOBAL_ACCENT_COLOR_NAME = AccentColor;
				CODE_SIGN_ENTITLEMENTS = NontonKuy/NontonKuy.entitlements;
				CODE_SIGN_STYLE = Automatic;
				CURRENT_PROJECT_VERSION = 1;
				DEVELOPMENT_ASSET_PATHS = "\"NontonKuy/Preview Content\"";
				DEVELOPMENT_TEAM = 6PDVJXGB2J;
				ENABLE_HARDENED_RUNTIME = YES;
				ENABLE_PREVIEWS = YES;
				GENERATE_INFOPLIST_FILE = YES;
				"INFOPLIST_KEY_UIApplicationSceneManifest_Generation[sdk=iphoneos*]" = YES;
				"INFOPLIST_KEY_UIApplicationSceneManifest_Generation[sdk=iphonesimulator*]" = YES;
				"INFOPLIST_KEY_UIApplicationSupportsIndirectInputEvents[sdk=iphoneos*]" = YES;
				"INFOPLIST_KEY_UIApplicationSupportsIndirectInputEvents[sdk=iphonesimulator*]" = YES;
				"INFOPLIST_KEY_UILaunchScreen_Generation[sdk=iphoneos*]" = YES;
				"INFOPLIST_KEY_UILaunchScreen_Generation[sdk=iphonesimulator*]" = YES;
				"INFOPLIST_KEY_UIStatusBarStyle[sdk=iphoneos*]" = UIStatusBarStyleDefault;
				"INFOPLIST_KEY_UIStatusBarStyle[sdk=iphonesimulator*]" = UIStatusBarStyleDefault;
				INFOPLIST_KEY_UISupportedInterfaceOrientations_iPad = "UIInterfaceOrientationPortrait UIInterfaceOrientationPortraitUpsideDown UIInterfaceOrientationLandscapeLeft UIInterfaceOrientationLandscapeRight";
				INFOPLIST_KEY_UISupportedInterfaceOrientations_iPhone = "UIInterfaceOrientationPortrait UIInterfaceOrientationLandscapeLeft UIInterfaceOrientationLandscapeRight";
				IPHONEOS_DEPLOYMENT_TARGET = 16.2;
				LD_RUNPATH_SEARCH_PATHS = "@executable_path/Frameworks";
				"LD_RUNPATH_SEARCH_PATHS[sdk=macosx*]" = "@executable_path/../Frameworks";
				MACOSX_DEPLOYMENT_TARGET = 13.0;
				MARKETING_VERSION = 1.0;
				PRODUCT_BUNDLE_IDENTIFIER = com.darmawiryanata.NontonKuy;
				PRODUCT_NAME = "$(TARGET_NAME)";
				SDKROOT = auto;
				SUPPORTED_PLATFORMS = "iphoneos iphonesimulator macosx";
				SWIFT_EMIT_LOC_STRINGS = YES;
				SWIFT_VERSION = 5.0;
				TARGETED_DEVICE_FAMILY = "1,2";
			};
			name = Release;
		};
/* End XCBuildConfiguration section */

/* Begin XCConfigurationList section */
		FA71EAB929555C5E00ED66AD /* Build configuration list for PBXProject "NontonKuy" */ = {
			isa = XCConfigurationList;
			buildConfigurations = (
				FA71EACB29555C5F00ED66AD /* Debug */,
				FA71EACC29555C5F00ED66AD /* Release */,
			);
			defaultConfigurationIsVisible = 0;
			defaultConfigurationName = Release;
		};
		FA71EACD29555C5F00ED66AD /* Build configuration list for PBXNativeTarget "NontonKuy" */ = {
			isa = XCConfigurationList;
			buildConfigurations = (
				FA71EACE29555C5F00ED66AD /* Debug */,
				FA71EACF29555C5F00ED66AD /* Release */,
			);
			defaultConfigurationIsVisible = 0;
			defaultConfigurationName = Release;
		};
/* End XCConfigurationList section */
	};
	rootObject = FA71EAB629555C5E00ED66AD /* Project object */;
}
